# generated by rye
# use `rye lock` or `rye sync` to update this lockfile
#
# last locked with the following flags:
#   pre: false
#   features: []
#   all-features: false
#   with-sources: false
#   generate-hashes: false
#   universal: false

-e file:.
absl-py==2.1.0
    # via ortools
bitarray==2.6.2
    # via competitive-python
cppyy==2.4.1
    # via competitive-python
cppyy-backend==1.14.9
    # via cppyy
    # via cpycppyy
cppyy-cling==6.27.0
    # via cppyy
    # via cppyy-backend
    # via cpycppyy
cpycppyy==1.12.11
    # via cppyy
joblib==1.4.2
    # via scikit-learn
llvmlite==0.40.1
    # via numba
more-itertools==9.0.0
    # via competitive-python
mpmath==1.2.1
    # via competitive-python
    # via sympy
mypy==1.11.1
mypy-extensions==1.0.0
    # via mypy
networkx==3.0
    # via competitive-python
numba==0.57.0
    # via competitive-python
numpy==1.24.1
    # via competitive-python
    # via numba
    # via ortools
    # via pandas
    # via scikit-learn
    # via scipy
    # via shapely
ortools==9.5.2237
    # via competitive-python
pandas==1.5.2
    # via competitive-python
polars==0.15.15
    # via competitive-python
protobuf==5.27.3
    # via ortools
pulp==2.7.0
    # via competitive-python
python-dateutil==2.9.0.post0
    # via pandas
pytz==2024.1
    # via pandas
ruff==0.6.1
scikit-learn==1.2.0
    # via competitive-python
scipy==1.10.1
    # via competitive-python
    # via scikit-learn
setuptools==66.0.0
    # via competitive-python
shapely==2.0.0
    # via competitive-python
six==1.16.0
    # via python-dateutil
sortedcontainers==2.4.0
    # via competitive-python
sympy==1.11.1
    # via competitive-python
threadpoolctl==3.5.0
    # via scikit-learn
typing-extensions==4.12.2
    # via mypy
z3-solver==4.12.1.0
    # via competitive-python
